
Microsoft Visual Studio Solution File, Format Version 12.00
Project("{2150E333-8FDC-42A3-9474-1A3956D46DE8}") = "JurosService", "JurosService", "{0BD0DB92-2D98-44D9-9AC0-C59186D59B0B}"
EndProject
Project("{9A19103F-16F7-4668-BE54-9A1E7A4F7556}") = "JurosService.Api", "JurosService\JurosService.Api\JurosService.Api.csproj", "{231226CE-690B-4979-8870-9A79D80928E2}"
EndProject
Project("{9A19103F-16F7-4668-BE54-9A1E7A4F7556}") = "JurosService.UnitTests", "JurosService\JurosService.UnitTests\JurosService.UnitTests.csproj", "{B1182FD9-C245-4018-8412-C66F290C7F4C}"
EndProject
Project("{9A19103F-16F7-4668-BE54-9A1E7A4F7556}") = "JurosService.FunctionalTests", "JurosService\JurosService.FunctionalTests\JurosService.FunctionalTests.csproj", "{DA7D3E03-D0B6-4591-8143-779D3E9F3F30}"
EndProject
Project("{2150E333-8FDC-42A3-9474-1A3956D46DE8}") = "CalculadoraService", "CalculadoraService", "{326A7FB3-5295-468C-A4FE-67DCB823E1E5}"
EndProject
Project("{9A19103F-16F7-4668-BE54-9A1E7A4F7556}") = "CalculadoraService.Api", "CalculadoraService\CalculadoraService.Api\CalculadoraService.Api.csproj", "{42681D9D-750A-4DF7-BD9F-9292CFD5C253}"
EndProject
Project("{9A19103F-16F7-4668-BE54-9A1E7A4F7556}") = "CalculadoraService.Application", "CalculadoraService\CalculadoraService.Application\CalculadoraService.Application.csproj", "{8C358310-EE0F-4C69-92D2-2296EDB44B00}"
EndProject
Project("{9A19103F-16F7-4668-BE54-9A1E7A4F7556}") = "CalculadoraService.Domain", "CalculadoraService\CalculadoraService.Domain\CalculadoraService.Domain.csproj", "{77A7D18F-68AD-4C32-85B8-33721DD5745E}"
EndProject
Project("{9A19103F-16F7-4668-BE54-9A1E7A4F7556}") = "CalculadoraService.Infra", "CalculadoraService\CalculadoraService.Infra\CalculadoraService.Infra.csproj", "{E0538846-EAFC-4DBC-88D5-2F5B70D80329}"
EndProject
Project("{FAE04EC0-301F-11D3-BF4B-00C04F79EFBC}") = "CalculadoraService.UnitTests", "CalculadoraService\CalculadoraService.UnitTests\CalculadoraService.UnitTests.csproj", "{E5631F0C-11E1-4501-82DB-5CB4CFA9410A}"
EndProject
Project("{FAE04EC0-301F-11D3-BF4B-00C04F79EFBC}") = "CalculadoraService.FunctionalTests", "CalculadoraService\CalculadoraService.FunctionalTests\CalculadoraService.FunctionalTests.csproj", "{41A25181-A7BF-471B-80A0-94BA5055F38A}"
EndProject
Project("{2150E333-8FDC-42A3-9474-1A3956D46DE8}") = "Tests", "Tests", "{ABF4EE1E-08C6-419B-9D34-7A84EEF94F01}"
EndProject
Project("{2150E333-8FDC-42A3-9474-1A3956D46DE8}") = "Services", "Services", "{9A80B499-F64A-4669-B5C9-960F87848DE0}"
EndProject
Project("{2150E333-8FDC-42A3-9474-1A3956D46DE8}") = "Services", "Services", "{41D684E6-2D31-4B38-AEBF-9AA30611E1F3}"
EndProject
Project("{2150E333-8FDC-42A3-9474-1A3956D46DE8}") = "Tests", "Tests", "{7C1A9B36-7C93-4D9A-A1DA-04CE6C09C9C1}"
EndProject
Global
	GlobalSection(SolutionConfigurationPlatforms) = preSolution
		Debug|Any CPU = Debug|Any CPU
		Release|Any CPU = Release|Any CPU
	EndGlobalSection
	GlobalSection(NestedProjects) = preSolution
		{ABF4EE1E-08C6-419B-9D34-7A84EEF94F01} = {326A7FB3-5295-468C-A4FE-67DCB823E1E5}
		{9A80B499-F64A-4669-B5C9-960F87848DE0} = {326A7FB3-5295-468C-A4FE-67DCB823E1E5}
		{42681D9D-750A-4DF7-BD9F-9292CFD5C253} = {9A80B499-F64A-4669-B5C9-960F87848DE0}
		{8C358310-EE0F-4C69-92D2-2296EDB44B00} = {9A80B499-F64A-4669-B5C9-960F87848DE0}
		{77A7D18F-68AD-4C32-85B8-33721DD5745E} = {9A80B499-F64A-4669-B5C9-960F87848DE0}
		{E0538846-EAFC-4DBC-88D5-2F5B70D80329} = {9A80B499-F64A-4669-B5C9-960F87848DE0}
		{41A25181-A7BF-471B-80A0-94BA5055F38A} = {ABF4EE1E-08C6-419B-9D34-7A84EEF94F01}
		{E5631F0C-11E1-4501-82DB-5CB4CFA9410A} = {ABF4EE1E-08C6-419B-9D34-7A84EEF94F01}
		{41D684E6-2D31-4B38-AEBF-9AA30611E1F3} = {0BD0DB92-2D98-44D9-9AC0-C59186D59B0B}
		{7C1A9B36-7C93-4D9A-A1DA-04CE6C09C9C1} = {0BD0DB92-2D98-44D9-9AC0-C59186D59B0B}
		{231226CE-690B-4979-8870-9A79D80928E2} = {41D684E6-2D31-4B38-AEBF-9AA30611E1F3}
		{DA7D3E03-D0B6-4591-8143-779D3E9F3F30} = {7C1A9B36-7C93-4D9A-A1DA-04CE6C09C9C1}
		{B1182FD9-C245-4018-8412-C66F290C7F4C} = {7C1A9B36-7C93-4D9A-A1DA-04CE6C09C9C1}
	EndGlobalSection
	GlobalSection(ProjectConfigurationPlatforms) = postSolution
		{231226CE-690B-4979-8870-9A79D80928E2}.Debug|Any CPU.ActiveCfg = Debug|Any CPU
		{231226CE-690B-4979-8870-9A79D80928E2}.Debug|Any CPU.Build.0 = Debug|Any CPU
		{231226CE-690B-4979-8870-9A79D80928E2}.Release|Any CPU.ActiveCfg = Release|Any CPU
		{231226CE-690B-4979-8870-9A79D80928E2}.Release|Any CPU.Build.0 = Release|Any CPU
		{DA7D3E03-D0B6-4591-8143-779D3E9F3F30}.Debug|Any CPU.ActiveCfg = Debug|Any CPU
		{DA7D3E03-D0B6-4591-8143-779D3E9F3F30}.Debug|Any CPU.Build.0 = Debug|Any CPU
		{DA7D3E03-D0B6-4591-8143-779D3E9F3F30}.Release|Any CPU.ActiveCfg = Release|Any CPU
		{DA7D3E03-D0B6-4591-8143-779D3E9F3F30}.Release|Any CPU.Build.0 = Release|Any CPU
		{B1182FD9-C245-4018-8412-C66F290C7F4C}.Debug|Any CPU.ActiveCfg = Debug|Any CPU
		{B1182FD9-C245-4018-8412-C66F290C7F4C}.Debug|Any CPU.Build.0 = Debug|Any CPU
		{B1182FD9-C245-4018-8412-C66F290C7F4C}.Release|Any CPU.ActiveCfg = Release|Any CPU
		{B1182FD9-C245-4018-8412-C66F290C7F4C}.Release|Any CPU.Build.0 = Release|Any CPU
		{42681D9D-750A-4DF7-BD9F-9292CFD5C253}.Debug|Any CPU.ActiveCfg = Debug|Any CPU
		{42681D9D-750A-4DF7-BD9F-9292CFD5C253}.Debug|Any CPU.Build.0 = Debug|Any CPU
		{42681D9D-750A-4DF7-BD9F-9292CFD5C253}.Release|Any CPU.ActiveCfg = Release|Any CPU
		{42681D9D-750A-4DF7-BD9F-9292CFD5C253}.Release|Any CPU.Build.0 = Release|Any CPU
		{8C358310-EE0F-4C69-92D2-2296EDB44B00}.Debug|Any CPU.ActiveCfg = Debug|Any CPU
		{8C358310-EE0F-4C69-92D2-2296EDB44B00}.Debug|Any CPU.Build.0 = Debug|Any CPU
		{8C358310-EE0F-4C69-92D2-2296EDB44B00}.Release|Any CPU.ActiveCfg = Release|Any CPU
		{8C358310-EE0F-4C69-92D2-2296EDB44B00}.Release|Any CPU.Build.0 = Release|Any CPU
		{77A7D18F-68AD-4C32-85B8-33721DD5745E}.Debug|Any CPU.ActiveCfg = Debug|Any CPU
		{77A7D18F-68AD-4C32-85B8-33721DD5745E}.Debug|Any CPU.Build.0 = Debug|Any CPU
		{77A7D18F-68AD-4C32-85B8-33721DD5745E}.Release|Any CPU.ActiveCfg = Release|Any CPU
		{77A7D18F-68AD-4C32-85B8-33721DD5745E}.Release|Any CPU.Build.0 = Release|Any CPU
		{E0538846-EAFC-4DBC-88D5-2F5B70D80329}.Debug|Any CPU.ActiveCfg = Debug|Any CPU
		{E0538846-EAFC-4DBC-88D5-2F5B70D80329}.Debug|Any CPU.Build.0 = Debug|Any CPU
		{E0538846-EAFC-4DBC-88D5-2F5B70D80329}.Release|Any CPU.ActiveCfg = Release|Any CPU
		{E0538846-EAFC-4DBC-88D5-2F5B70D80329}.Release|Any CPU.Build.0 = Release|Any CPU
		{E5631F0C-11E1-4501-82DB-5CB4CFA9410A}.Debug|Any CPU.ActiveCfg = Debug|Any CPU
		{E5631F0C-11E1-4501-82DB-5CB4CFA9410A}.Debug|Any CPU.Build.0 = Debug|Any CPU
		{E5631F0C-11E1-4501-82DB-5CB4CFA9410A}.Release|Any CPU.ActiveCfg = Release|Any CPU
		{E5631F0C-11E1-4501-82DB-5CB4CFA9410A}.Release|Any CPU.Build.0 = Release|Any CPU
		{41A25181-A7BF-471B-80A0-94BA5055F38A}.Debug|Any CPU.ActiveCfg = Debug|Any CPU
		{41A25181-A7BF-471B-80A0-94BA5055F38A}.Debug|Any CPU.Build.0 = Debug|Any CPU
		{41A25181-A7BF-471B-80A0-94BA5055F38A}.Release|Any CPU.ActiveCfg = Release|Any CPU
		{41A25181-A7BF-471B-80A0-94BA5055F38A}.Release|Any CPU.Build.0 = Release|Any CPU
	EndGlobalSection
EndGlobal
